// !$*UTF8*$!
{
	archiveVersion = 1;
	classes = {
	};
	objectVersion = 46;
	objects = {

/* Begin PBXBuildFile section */
		D8FB5A2D1BCBA98300106DD9 /* main.m in Sources */ = {isa = PBXBuildFile; fileRef = D8FB5A2C1BCBA98300106DD9 /* main.m */; };
		D8FB5A301BCBA98300106DD9 /* AppDelegate.m in Sources */ = {isa = PBXBuildFile; fileRef = D8FB5A2F1BCBA98300106DD9 /* AppDelegate.m */; };
		D8FB5A331BCBA98300106DD9 /* ViewController.m in Sources */ = {isa = PBXBuildFile; fileRef = D8FB5A321BCBA98300106DD9 /* ViewController.m */; };
		D8FB5A361BCBA98300106DD9 /* Main.storyboard in Resources */ = {isa = PBXBuildFile; fileRef = D8FB5A341BCBA98300106DD9 /* Main.storyboard */; };
		D8FB5A381BCBA98300106DD9 /* Assets.xcassets in Resources */ = {isa = PBXBuildFile; fileRef = D8FB5A371BCBA98300106DD9 /* Assets.xcassets */; };
		D8FB5A3B1BCBA98300106DD9 /* LaunchScreen.storyboard in Resources */ = {isa = PBXBuildFile; fileRef = D8FB5A391BCBA98300106DD9 /* LaunchScreen.storyboard */; };
		D8FB5A461BCBA98400106DD9 /* ChatBarDemoTests.m in Sources */ = {isa = PBXBuildFile; fileRef = D8FB5A451BCBA98400106DD9 /* ChatBarDemoTests.m */; };
		D8FB5A511BCBA98400106DD9 /* ChatBarDemoUITests.m in Sources */ = {isa = PBXBuildFile; fileRef = D8FB5A501BCBA98400106DD9 /* ChatBarDemoUITests.m */; };
		D8FB5A6A1BCCD82B00106DD9 /* ChatToolBar.m in Sources */ = {isa = PBXBuildFile; fileRef = D8FB5A691BCCD82B00106DD9 /* ChatToolBar.m */; settings = {ASSET_TAGS = (); }; };
		D8FB5A6D1BCCDE7B00106DD9 /* ChatTextCell.m in Sources */ = {isa = PBXBuildFile; fileRef = D8FB5A6C1BCCDE7B00106DD9 /* ChatTextCell.m */; settings = {ASSET_TAGS = (); }; };
/* End PBXBuildFile section */

/* Begin PBXContainerItemProxy section */
		D8FB5A421BCBA98400106DD9 /* PBXContainerItemProxy */ = {
			isa = PBXContainerItemProxy;
			containerPortal = D8FB5A201BCBA98300106DD9 /* Project object */;
			proxyType = 1;
			remoteGlobalIDString = D8FB5A271BCBA98300106DD9;
			remoteInfo = ChatBarDemo;
		};
		D8FB5A4D1BCBA98400106DD9 /* PBXContainerItemProxy */ = {
			isa = PBXContainerItemProxy;
			containerPortal = D8FB5A201BCBA98300106DD9 /* Project object */;
			proxyType = 1;
			remoteGlobalIDString = D8FB5A271BCBA98300106DD9;
			remoteInfo = ChatBarDemo;
		};
/* End PBXContainerItemProxy section */

/* Begin PBXFileReference section */
		D8FB5A281BCBA98300106DD9 /* ChatBarDemo.app */ = {isa = PBXFileReference; explicitFileType = wrapper.application; includeInIndex = 0; path = ChatBarDemo.app; sourceTree = BUILT_PRODUCTS_DIR; };
		D8FB5A2C1BCBA98300106DD9 /* main.m */ = {isa = PBXFileReference; lastKnownFileType = sourcecode.c.objc; path = main.m; sourceTree = "<group>"; };
		D8FB5A2E1BCBA98300106DD9 /* AppDelegate.h */ = {isa = PBXFileReference; lastKnownFileType = sourcecode.c.h; path = AppDelegate.h; sourceTree = "<group>"; };
		D8FB5A2F1BCBA98300106DD9 /* AppDelegate.m */ = {isa = PBXFileReference; lastKnownFileType = sourcecode.c.objc; path = AppDelegate.m; sourceTree = "<group>"; };
		D8FB5A311BCBA98300106DD9 /* ViewController.h */ = {isa = PBXFileReference; lastKnownFileType = sourcecode.c.h; path = ViewController.h; sourceTree = "<group>"; };
		D8FB5A321BCBA98300106DD9 /* ViewController.m */ = {isa = PBXFileReference; lastKnownFileType = sourcecode.c.objc; path = ViewController.m; sourceTree = "<group>"; };
		D8FB5A351BCBA98300106DD9 /* Base */ = {isa = PBXFileReference; lastKnownFileType = file.storyboard; name = Base; path = Base.lproj/Main.storyboard; sourceTree = "<group>"; };
		D8FB5A371BCBA98300106DD9 /* Assets.xcassets */ = {isa = PBXFileReference; lastKnownFileType = folder.assetcatalog; path = Assets.xcassets; sourceTree = "<group>"; };
		D8FB5A3A1BCBA98300106DD9 /* Base */ = {isa = PBXFileReference; lastKnownFileType = file.storyboard; name = Base; path = Base.lproj/LaunchScreen.storyboard; sourceTree = "<group>"; };
		D8FB5A3C1BCBA98300106DD9 /* Info.plist */ = {isa = PBXFileReference; lastKnownFileType = text.plist.xml; path = Info.plist; sourceTree = "<group>"; };
		D8FB5A411BCBA98400106DD9 /* ChatBarDemoTests.xctest */ = {isa = PBXFileReference; explicitFileType = wrapper.cfbundle; includeInIndex = 0; path = ChatBarDemoTests.xctest; sourceTree = BUILT_PRODUCTS_DIR; };
		D8FB5A451BCBA98400106DD9 /* ChatBarDemoTests.m */ = {isa = PBXFileReference; lastKnownFileType = sourcecode.c.objc; path = ChatBarDemoTests.m; sourceTree = "<group>"; };
		D8FB5A471BCBA98400106DD9 /* Info.plist */ = {isa = PBXFileReference; lastKnownFileType = text.plist.xml; path = Info.plist; sourceTree = "<group>"; };
		D8FB5A4C1BCBA98400106DD9 /* ChatBarDemoUITests.xctest */ = {isa = PBXFileReference; explicitFileType = wrapper.cfbundle; includeInIndex = 0; path = ChatBarDemoUITests.xctest; sourceTree = BUILT_PRODUCTS_DIR; };
		D8FB5A501BCBA98400106DD9 /* ChatBarDemoUITests.m */ = {isa = PBXFileReference; lastKnownFileType = sourcecode.c.objc; path = ChatBarDemoUITests.m; sourceTree = "<group>"; };
		D8FB5A521BCBA98400106DD9 /* Info.plist */ = {isa = PBXFileReference; lastKnownFileType = text.plist.xml; path = Info.plist; sourceTree = "<group>"; };
		D8FB5A681BCCD82B00106DD9 /* ChatToolBar.h */ = {isa = PBXFileReference; fileEncoding = 4; lastKnownFileType = sourcecode.c.h; path = ChatToolBar.h; sourceTree = "<group>"; };
		D8FB5A691BCCD82B00106DD9 /* ChatToolBar.m */ = {isa = PBXFileReference; fileEncoding = 4; lastKnownFileType = sourcecode.c.objc; path = ChatToolBar.m; sourceTree = "<group>"; };
		D8FB5A6B1BCCDE7B00106DD9 /* ChatTextCell.h */ = {isa = PBXFileReference; fileEncoding = 4; lastKnownFileType = sourcecode.c.h; path = ChatTextCell.h; sourceTree = "<group>"; };
		D8FB5A6C1BCCDE7B00106DD9 /* ChatTextCell.m */ = {isa = PBXFileReference; fileEncoding = 4; lastKnownFileType = sourcecode.c.objc; path = ChatTextCell.m; sourceTree = "<group>"; };
/* End PBXFileReference section */

/* Begin PBXFrameworksBuildPhase section */
		D8FB5A251BCBA98300106DD9 /* Frameworks */ = {
			isa = PBXFrameworksBuildPhase;
			buildActionMask = 2147483647;
			files = (
			);
			runOnlyForDeploymentPostprocessing = 0;
		};
		D8FB5A3E1BCBA98400106DD9 /* Frameworks */ = {
			isa = PBXFrameworksBuildPhase;
			buildActionMask = 2147483647;
			files = (
			);
			runOnlyForDeploymentPostprocessing = 0;
		};
		D8FB5A491BCBA98400106DD9 /* Frameworks */ = {
			isa = PBXFrameworksBuildPhase;
			buildActionMask = 2147483647;
			files = (
			);
			runOnlyForDeploymentPostprocessing = 0;
		};
/* End PBXFrameworksBuildPhase section */

/* Begin PBXGroup section */
		D8FB5A1F1BCBA98300106DD9 = {
			isa = PBXGroup;
			children = (
				D8FB5A2A1BCBA98300106DD9 /* ChatBarDemo */,
				D8FB5A441BCBA98400106DD9 /* ChatBarDemoTests */,
				D8FB5A4F1BCBA98400106DD9 /* ChatBarDemoUITests */,
				D8FB5A291BCBA98300106DD9 /* Products */,
			);
			sourceTree = "<group>";
		};
		D8FB5A291BCBA98300106DD9 /* Products */ = {
			isa = PBXGroup;
			children = (
				D8FB5A281BCBA98300106DD9 /* ChatBarDemo.app */,
				D8FB5A411BCBA98400106DD9 /* ChatBarDemoTests.xctest */,
				D8FB5A4C1BCBA98400106DD9 /* ChatBarDemoUITests.xctest */,
			);
			name = Products;
			sourceTree = "<group>";
		};
		D8FB5A2A1BCBA98300106DD9 /* ChatBarDemo */ = {
			isa = PBXGroup;
			children = (
				D8FB5A2E1BCBA98300106DD9 /* AppDelegate.h */,
				D8FB5A2F1BCBA98300106DD9 /* AppDelegate.m */,
				D8FB5A311BCBA98300106DD9 /* ViewController.h */,
				D8FB5A321BCBA98300106DD9 /* ViewController.m */,
				D8FB5A6B1BCCDE7B00106DD9 /* ChatTextCell.h */,
				D8FB5A6C1BCCDE7B00106DD9 /* ChatTextCell.m */,
				D8FB5A671BCCD82B00106DD9 /* ChatToolBar */,
				D8FB5A341BCBA98300106DD9 /* Main.storyboard */,
				D8FB5A391BCBA98300106DD9 /* LaunchScreen.storyboard */,
				D8FB5A371BCBA98300106DD9 /* Assets.xcassets */,
				D8FB5A3C1BCBA98300106DD9 /* Info.plist */,
				D8FB5A2B1BCBA98300106DD9 /* Supporting Files */,
			);
			path = ChatBarDemo;
			sourceTree = "<group>";
		};
		D8FB5A2B1BCBA98300106DD9 /* Supporting Files */ = {
			isa = PBXGroup;
			children = (
				D8FB5A2C1BCBA98300106DD9 /* main.m */,
			);
			name = "Supporting Files";
			sourceTree = "<group>";
		};
		D8FB5A441BCBA98400106DD9 /* ChatBarDemoTests */ = {
			isa = PBXGroup;
			children = (
				D8FB5A451BCBA98400106DD9 /* ChatBarDemoTests.m */,
				D8FB5A471BCBA98400106DD9 /* Info.plist */,
			);
			path = ChatBarDemoTests;
			sourceTree = "<group>";
		};
		D8FB5A4F1BCBA98400106DD9 /* ChatBarDemoUITests */ = {
			isa = PBXGroup;
			children = (
				D8FB5A501BCBA98400106DD9 /* ChatBarDemoUITests.m */,
				D8FB5A521BCBA98400106DD9 /* Info.plist */,
			);
			path = ChatBarDemoUITests;
			sourceTree = "<group>";
		};
		D8FB5A671BCCD82B00106DD9 /* ChatToolBar */ = {
			isa = PBXGroup;
			children = (
				D8FB5A681BCCD82B00106DD9 /* ChatToolBar.h */,
				D8FB5A691BCCD82B00106DD9 /* ChatToolBar.m */,
			);
			path = ChatToolBar;
			sourceTree = "<group>";
		};
/* End PBXGroup section */

/* Begin PBXNativeTarget section */
		D8FB5A271BCBA98300106DD9 /* ChatBarDemo */ = {
			isa = PBXNativeTarget;
			buildConfigurationList = D8FB5A551BCBA98400106DD9 /* Build configuration list for PBXNativeTarget "ChatBarDemo" */;
			buildPhases = (
				D8FB5A241BCBA98300106DD9 /* Sources */,
				D8FB5A251BCBA98300106DD9 /* Frameworks */,
				D8FB5A261BCBA98300106DD9 /* Resources */,
			);
			buildRules = (
			);
			dependencies = (
			);
			name = ChatBarDemo;
			productName = ChatBarDemo;
			productReference = D8FB5A281BCBA98300106DD9 /* ChatBarDemo.app */;
			productType = "com.apple.product-type.application";
		};
		D8FB5A401BCBA98400106DD9 /* ChatBarDemoTests */ = {
			isa = PBXNativeTarget;
			buildConfigurationList = D8FB5A581BCBA98400106DD9 /* Build configuration list for PBXNativeTarget "ChatBarDemoTests" */;
			buildPhases = (
				D8FB5A3D1BCBA98400106DD9 /* Sources */,
				D8FB5A3E1BCBA98400106DD9 /* Frameworks */,
				D8FB5A3F1BCBA98400106DD9 /* Resources */,
			);
			buildRules = (
			);
			dependencies = (
				D8FB5A431BCBA98400106DD9 /* PBXTargetDependency */,
			);
			name = ChatBarDemoTests;
			productName = ChatBarDemoTests;
			productReference = D8FB5A411BCBA98400106DD9 /* ChatBarDemoTests.xctest */;
			productType = "com.apple.product-type.bundle.unit-test";
		};
		D8FB5A4B1BCBA98400106DD9 /* ChatBarDemoUITests */ = {
			isa = PBXNativeTarget;
			buildConfigurationList = D8FB5A5B1BCBA98400106DD9 /* Build configuration list for PBXNativeTarget "ChatBarDemoUITests" */;
			buildPhases = (
				D8FB5A481BCBA98400106DD9 /* Sources */,
				D8FB5A491BCBA98400106DD9 /* Frameworks */,
				D8FB5A4A1BCBA98400106DD9 /* Resources */,
			);
			buildRules = (
			);
			dependencies = (
				D8FB5A4E1BCBA98400106DD9 /* PBXTargetDependency */,
			);
			name = ChatBarDemoUITests;
			productName = ChatBarDemoUITests;
			productReference = D8FB5A4C1BCBA98400106DD9 /* ChatBarDemoUITests.xctest */;
			productType = "com.apple.product-type.bundle.ui-testing";
		};
/* End PBXNativeTarget section */

/* Begin PBXProject section */
		D8FB5A201BCBA98300106DD9 /* Project object */ = {
			isa = PBXProject;
			attributes = {
				LastUpgradeCheck = 0700;
				ORGANIZATIONNAME = "Joe Lee";
				TargetAttributes = {
					D8FB5A271BCBA98300106DD9 = {
						CreatedOnToolsVersion = 7.0.1;
					};
					D8FB5A401BCBA98400106DD9 = {
						CreatedOnToolsVersion = 7.0.1;
						TestTargetID = D8FB5A271BCBA98300106DD9;
					};
					D8FB5A4B1BCBA98400106DD9 = {
						CreatedOnToolsVersion = 7.0.1;
						TestTargetID = D8FB5A271BCBA98300106DD9;
					};
				};
			};
			buildConfigurationList = D8FB5A231BCBA98300106DD9 /* Build configuration list for PBXProject "ChatBarDemo" */;
			compatibilityVersion = "Xcode 3.2";
			developmentRegion = English;
			hasScannedForEncodings = 0;
			knownRegions = (
				en,
				Base,
			);
			mainGroup = D8FB5A1F1BCBA98300106DD9;
			productRefGroup = D8FB5A291BCBA98300106DD9 /* Products */;
			projectDirPath = "";
			projectRoot = "";
			targets = (
				D8FB5A271BCBA98300106DD9 /* ChatBarDemo */,
				D8FB5A401BCBA98400106DD9 /* ChatBarDemoTests */,
				D8FB5A4B1BCBA98400106DD9 /* ChatBarDemoUITests */,
			);
		};
/* End PBXProject section */

/* Begin PBXResourcesBuildPhase section */
		D8FB5A261BCBA98300106DD9 /* Resources */ = {
			isa = PBXResourcesBuildPhase;
			buildActionMask = 2147483647;
			files = (
				D8FB5A3B1BCBA98300106DD9 /* LaunchScreen.storyboard in Resources */,
				D8FB5A381BCBA98300106DD9 /* Assets.xcassets in Resources */,
				D8FB5A361BCBA98300106DD9 /* Main.storyboard in Resources */,
			);
			runOnlyForDeploymentPostprocessing = 0;
		};
		D8FB5A3F1BCBA98400106DD9 /* Resources */ = {
			isa = PBXResourcesBuildPhase;
			buildActionMask = 2147483647;
			files = (
			);
			runOnlyForDeploymentPostprocessing = 0;
		};
		D8FB5A4A1BCBA98400106DD9 /* Resources */ = {
			isa = PBXResourcesBuildPhase;
			buildActionMask = 2147483647;
			files = (
			);
			runOnlyForDeploymentPostprocessing = 0;
		};
/* End PBXResourcesBuildPhase section */

/* Begin PBXSourcesBuildPhase section */
		D8FB5A241BCBA98300106DD9 /* Sources */ = {
			isa = PBXSourcesBuildPhase;
			buildActionMask = 2147483647;
			files = (
				D8FB5A331BCBA98300106DD9 /* ViewController.m in Sources */,
				D8FB5A301BCBA98300106DD9 /* AppDelegate.m in Sources */,
				D8FB5A6A1BCCD82B00106DD9 /* ChatToolBar.m in Sources */,
				D8FB5A2D1BCBA98300106DD9 /* main.m in Sources */,
				D8FB5A6D1BCCDE7B00106DD9 /* ChatTextCell.m in Sources */,
			);
			runOnlyForDeploymentPostprocessing = 0;
		};
		D8FB5A3D1BCBA98400106DD9 /* Sources */ = {
			isa = PBXSourcesBuildPhase;
			buildActionMask = 2147483647;
			files = (
				D8FB5A461BCBA98400106DD9 /* ChatBarDemoTests.m in Sources */,
			);
			runOnlyForDeploymentPostprocessing = 0;
		};
		D8FB5A481BCBA98400106DD9 /* Sources */ = {
			isa = PBXSourcesBuildPhase;
			buildActionMask = 2147483647;
			files = (
				D8FB5A511BCBA98400106DD9 /* ChatBarDemoUITests.m in Sources */,
			);
			runOnlyForDeploymentPostprocessing = 0;
		};
/* End PBXSourcesBuildPhase section */

/* Begin PBXTargetDependency section */
		D8FB5A431BCBA98400106DD9 /* PBXTargetDependency */ = {
			isa = PBXTargetDependency;
			target = D8FB5A271BCBA98300106DD9 /* ChatBarDemo */;
			targetProxy = D8FB5A421BCBA98400106DD9 /* PBXContainerItemProxy */;
		};
		D8FB5A4E1BCBA98400106DD9 /* PBXTargetDependency */ = {
			isa = PBXTargetDependency;
			target = D8FB5A271BCBA98300106DD9 /* ChatBarDemo */;
			targetProxy = D8FB5A4D1BCBA98400106DD9 /* PBXContainerItemProxy */;
		};
/* End PBXTargetDependency section */

/* Begin PBXVariantGroup section */
		D8FB5A341BCBA98300106DD9 /* Main.storyboard */ = {
			isa = PBXVariantGroup;
			children = (
				D8FB5A351BCBA98300106DD9 /* Base */,
			);
			name = Main.storyboard;
			sourceTree = "<group>";
		};
		D8FB5A391BCBA98300106DD9 /* LaunchScreen.storyboard */ = {
			isa = PBXVariantGroup;
			children = (
				D8FB5A3A1BCBA98300106DD9 /* Base */,
			);
			name = LaunchScreen.storyboard;
			sourceTree = "<group>";
		};
/* End PBXVariantGroup section */

/* Begin XCBuildConfiguration section */
		D8FB5A531BCBA98400106DD9 /* Debug */ = {
			isa = XCBuildConfiguration;
			buildSettings = {
				ALWAYS_SEARCH_USER_PATHS = NO;
				CLANG_CXX_LANGUAGE_STANDARD = "gnu++0x";
				CLANG_CXX_LIBRARY = "libc++";
				CLANG_ENABLE_MODULES = YES;
				CLANG_ENABLE_OBJC_ARC = YES;
				CLANG_WARN_BOOL_CONVERSION = YES;
				CLANG_WARN_CONSTANT_CONVERSION = YES;
				CLANG_WARN_DIRECT_OBJC_ISA_USAGE = YES_ERROR;
				CLANG_WARN_EMPTY_BODY = YES;
				CLANG_WARN_ENUM_CONVERSION = YES;
				CLANG_WARN_INT_CONVERSION = YES;
				CLANG_WARN_OBJC_ROOT_CLASS = YES_ERROR;
				CLANG_WARN_UNREACHABLE_CODE = YES;
				CLANG_WARN__DUPLICATE_METHOD_MATCH = YES;
				"CODE_SIGN_IDENTITY[sdk=iphoneos*]" = "iPhone Developer";
				COPY_PHASE_STRIP = NO;
				DEBUG_INFORMATION_FORMAT = dwarf;
				ENABLE_STRICT_OBJC_MSGSEND = YES;
				ENABLE_TESTABILITY = YES;
				GCC_C_LANGUAGE_STANDARD = gnu99;
				GCC_DYNAMIC_NO_PIC = NO;
				GCC_NO_COMMON_BLOCKS = YES;
				GCC_OPTIMIZATION_LEVEL = 0;
				GCC_PREPROCESSOR_DEFINITIONS = (
					"DEBUG=1",
					"$(inherited)",
				);
				GCC_WARN_64_TO_32_BIT_CONVERSION = YES;
				GCC_WARN_ABOUT_RETURN_TYPE = YES_ERROR;
				GCC_WARN_UNDECLARED_SELECTOR = YES;
				GCC_WARN_UNINITIALIZED_AUTOS = YES_AGGRESSIVE;
				GCC_WARN_UNUSED_FUNCTION = YES;
				GCC_WARN_UNUSED_VARIABLE = YES;
				IPHONEOS_DEPLOYMENT_TARGET = 9.0;
				MTL_ENABLE_DEBUG_INFO = YES;
				ONLY_ACTIVE_ARCH = YES;
				SDKROOT = iphoneos;
				TARGETED_DEVICE_FAMILY = "1,2";
			};
			name = Debug;
		};
		D8FB5A541BCBA98400106DD9 /* Release */ = {
			isa = XCBuildConfiguration;
			buildSettings = {
				ALWAYS_SEARCH_USER_PATHS = NO;
				CLANG_CXX_LANGUAGE_STANDARD = "gnu++0x";
				CLANG_CXX_LIBRARY = "libc++";
				CLANG_ENABLE_MODULES = YES;
				CLANG_ENABLE_OBJC_ARC = YES;
				CLANG_WARN_BOOL_CONVERSION = YES;
				CLANG_WARN_CONSTANT_CONVERSION = YES;
				CLANG_WARN_DIRECT_OBJC_ISA_USAGE = YES_ERROR;
				CLANG_WARN_EMPTY_BODY = YES;
				CLANG_WARN_ENUM_CONVERSION = YES;
				CLANG_WARN_INT_CONVERSION = YES;
				CLANG_WARN_OBJC_ROOT_CLASS = YES_ERROR;
				CLANG_WARN_UNREACHABLE_CODE = YES;
				CLANG_WARN__DUPLICATE_METHOD_MATCH = YES;
				"CODE_SIGN_IDENTITY[sdk=iphoneos*]" = "iPhone Developer";
				COPY_PHASE_STRIP = NO;
				DEBUG_INFORMATION_FORMAT = "dwarf-with-dsym";
				ENABLE_NS_ASSERTIONS = NO;
				ENABLE_STRICT_OBJC_MSGSEND = YES;
				GCC_C_LANGUAGE_STANDARD = gnu99;
				GCC_NO_COMMON_BLOCKS = YES;
				GCC_WARN_64_TO_32_BIT_CONVERSION = YES;
				GCC_WARN_ABOUT_RETURN_TYPE = YES_ERROR;
				GCC_WARN_UNDECLARED_SELECTOR = YES;
				GCC_WARN_UNINITIALIZED_AUTOS = YES_AGGRESSIVE;
				GCC_WARN_UNUSED_FUNCTION = YES;
				GCC_WARN_UNUSED_VARIABLE = YES;
				IPHONEOS_DEPLOYMENT_TARGET = 9.0;
				MTL_ENABLE_DEBUG_INFO = NO;
				SDKROOT = iphoneos;
				TARGETED_DEVICE_FAMILY = "1,2";
				VALIDATE_PRODUCT = YES;
			};
			name = Release;
		};
		D8FB5A561BCBA98400106DD9 /* Debug */ = {
			isa = XCBuildConfiguration;
			buildSettings = {
				ASSETCATALOG_COMPILER_APPICON_NAME = AppIcon;
				INFOPLIST_FILE = ChatBarDemo/Info.plist;
				IPHONEOS_DEPLOYMENT_TARGET = 7.0;
				LD_RUNPATH_SEARCH_PATHS = "$(inherited) @executable_path/Frameworks";
				PRODUCT_BUNDLE_IDENTIFIER = joe.lee.ChatBarDemo;
				PRODUCT_NAME = "$(TARGET_NAME)";
			};
			name = Debug;
		};
		D8FB5A571BCBA98400106DD9 /* Release */ = {
			isa = XCBuildConfiguration;
			buildSettings = {
				ASSETCATALOG_COMPILER_APPICON_NAME = AppIcon;
				INFOPLIST_FILE = ChatBarDemo/Info.plist;
				IPHONEOS_DEPLOYMENT_TARGET = 7.0;
				LD_RUNPATH_SEARCH_PATHS = "$(inherited) @executable_path/Frameworks";
				PRODUCT_BUNDLE_IDENTIFIER = joe.lee.ChatBarDemo;
				PRODUCT_NAME = "$(TARGET_NAME)";
			};
			name = Release;
		};
		D8FB5A591BCBA98400106DD9 /* Debug */ = {
			isa = XCBuildConfiguration;
			buildSettings = {
				BUNDLE_LOADER = "$(TEST_HOST)";
				INFOPLIST_FILE = ChatBarDemoTests/Info.plist;
				LD_RUNPATH_SEARCH_PATHS = "$(inherited) @executable_path/Frameworks @loader_path/Frameworks";
				PRODUCT_BUNDLE_IDENTIFIER = joe.lee.ChatBarDemoTests;
				PRODUCT_NAME = "$(TARGET_NAME)";
				TEST_HOST = "$(BUILT_PRODUCTS_DIR)/ChatBarDemo.app/ChatBarDemo";
			};
			name = Debug;
		};
		D8FB5A5A1BCBA98400106DD9 /* Release */ = {
			isa = XCBuildConfiguration;
			buildSettings = {
				BUNDLE_LOADER = "$(TEST_HOST)";
				INFOPLIST_FILE = ChatBarDemoTests/Info.plist;
				LD_RUNPATH_SEARCH_PATHS = "$(inherited) @executable_path/Frameworks @loader_path/Frameworks";
				PRODUCT_BUNDLE_IDENTIFIER = joe.lee.ChatBarDemoTests;
				PRODUCT_NAME = "$(TARGET_NAME)";
				TEST_HOST = "$(BUILT_PRODUCTS_DIR)/ChatBarDemo.app/ChatBarDemo";
			};
			name = Release;
		};
		D8FB5A5C1BCBA98400106DD9 /* Debug */ = {
			isa = XCBuildConfiguration;
			buildSettings = {
				INFOPLIST_FILE = ChatBarDemoUITests/Info.plist;
				LD_RUNPATH_SEARCH_PATHS = "$(inherited) @executable_path/Frameworks @loader_path/Frameworks";
				PRODUCT_BUNDLE_IDENTIFIER = joe.lee.ChatBarDemoUITests;
				PRODUCT_NAME = "$(TARGET_NAME)";
				TEST_TARGET_NAME = ChatBarDemo;
				USES_XCTRUNNER = YES;
			};
			name = Debug;
		};
		D8FB5A5D1BCBA98400106DD9 /* Release */ = {
			isa = XCBuildConfiguration;
			buildSettings = {
				INFOPLIST_FILE = ChatBarDemoUITests/Info.plist;
				LD_RUNPATH_SEARCH_PATHS = "$(inherited) @executable_path/Frameworks @loader_path/Frameworks";
				PRODUCT_BUNDLE_IDENTIFIER = joe.lee.ChatBarDemoUITests;
				PRODUCT_NAME = "$(TARGET_NAME)";
				TEST_TARGET_NAME = ChatBarDemo;
				USES_XCTRUNNER = YES;
			};
			name = Release;
		};
/* End XCBuildConfiguration section */

/* Begin XCConfigurationList section */
		D8FB5A231BCBA98300106DD9 /* Build configuration list for PBXProject "ChatBarDemo" */ = {
			isa = XCConfigurationList;
			buildConfigurations = (
				D8FB5A531BCBA98400106DD9 /* Debug */,
				D8FB5A541BCBA98400106DD9 /* Release */,
			);
			defaultConfigurationIsVisible = 0;
			defaultConfigurationName = Release;
		};
		D8FB5A551BCBA98400106DD9 /* Build configuration list for PBXNativeTarget "ChatBarDemo" */ = {
			isa = XCConfigurationList;
			buildConfigurations = (
				D8FB5A561BCBA98400106DD9 /* Debug */,
				D8FB5A571BCBA98400106DD9 /* Release */,
			);
			defaultConfigurationIsVisible = 0;
		};
		D8FB5A581BCBA98400106DD9 /* Build configuration list for PBXNativeTarget "ChatBarDemoTests" */ = {
			isa = XCConfigurationList;
			buildConfigurations = (
				D8FB5A591BCBA98400106DD9 /* Debug */,
				D8FB5A5A1BCBA98400106DD9 /* Release */,
			);
			defaultConfigurationIsVisible = 0;
		};
		D8FB5A5B1BCBA98400106DD9 /* Build configuration list for PBXNativeTarget "ChatBarDemoUITests" */ = {
			isa = XCConfigurationList;
			buildConfigurations = (
				D8FB5A5C1BCBA98400106DD9 /* Debug */,
				D8FB5A5D1BCBA98400106DD9 /* Release */,
			);
			defaultConfigurationIsVisible = 0;
		};
/* End XCConfigurationList section */
	};
	rootObject = D8FB5A201BCBA98300106DD9 /* Project object */;
}
